// !$*UTF8*$!
{
	archiveVersion = 1;
	classes = {
	};
	objectVersion = 55;
	objects = {

/* Begin PBXBuildFile section */
		B110700D27704E5B00D6EAA7 /* AppDelegate.swift in Sources */ = {isa = PBXBuildFile; fileRef = B110700C27704E5B00D6EAA7 /* AppDelegate.swift */; };
		B110700F27704E5B00D6EAA7 /* SceneDelegate.swift in Sources */ = {isa = PBXBuildFile; fileRef = B110700E27704E5B00D6EAA7 /* SceneDelegate.swift */; };
		B110701127704E5B00D6EAA7 /* MainVC.swift in Sources */ = {isa = PBXBuildFile; fileRef = B110701027704E5B00D6EAA7 /* MainVC.swift */; };
		B110701627704E5F00D6EAA7 /* Assets.xcassets in Resources */ = {isa = PBXBuildFile; fileRef = B110701527704E5F00D6EAA7 /* Assets.xcassets */; };
		B110701927704E5F00D6EAA7 /* LaunchScreen.storyboard in Resources */ = {isa = PBXBuildFile; fileRef = B110701727704E5F00D6EAA7 /* LaunchScreen.storyboard */; };
		B11070222770503900D6EAA7 /* SnapKit in Frameworks */ = {isa = PBXBuildFile; productRef = B11070212770503900D6EAA7 /* SnapKit */; };
		B1107025277067DB00D6EAA7 /* MenuCell.swift in Sources */ = {isa = PBXBuildFile; fileRef = B1107024277067DB00D6EAA7 /* MenuCell.swift */; };
		B110702727707C6900D6EAA7 /* UICollectionView+Utility.swift in Sources */ = {isa = PBXBuildFile; fileRef = B110702627707C6900D6EAA7 /* UICollectionView+Utility.swift */; };
		B1107029277081F400D6EAA7 /* UIView+Utility.swift in Sources */ = {isa = PBXBuildFile; fileRef = B1107028277081F400D6EAA7 /* UIView+Utility.swift */; };
		B1107032277095FB00D6EAA7 /* PatientPortalViewController.swift in Sources */ = {isa = PBXBuildFile; fileRef = B110702E277095FA00D6EAA7 /* PatientPortalViewController.swift */; };
		B1107034277095FB00D6EAA7 /* ViewController.swift in Sources */ = {isa = PBXBuildFile; fileRef = B1107030277095FB00D6EAA7 /* ViewController.swift */; };
		B1107035277095FB00D6EAA7 /* AnimatedTableVC.swift in Sources */ = {isa = PBXBuildFile; fileRef = B1107031277095FB00D6EAA7 /* AnimatedTableVC.swift */; };
		B110703927709AA600D6EAA7 /* Main.storyboard in Resources */ = {isa = PBXBuildFile; fileRef = B110703827709AA600D6EAA7 /* Main.storyboard */; };
		B110703C2770A52600D6EAA7 /* UITableView+Utility.swift in Sources */ = {isa = PBXBuildFile; fileRef = B110703B2770A52600D6EAA7 /* UITableView+Utility.swift */; };
		B110703E2770A7DC00D6EAA7 /* TableViewAnimation.swift in Sources */ = {isa = PBXBuildFile; fileRef = B110703D2770A7DC00D6EAA7 /* TableViewAnimation.swift */; };
		B11070402770A96600D6EAA7 /* TableAnimation.swift in Sources */ = {isa = PBXBuildFile; fileRef = B110703F2770A96600D6EAA7 /* TableAnimation.swift */; };
		B11070422771BE4300D6EAA7 /* main_menu.json in Resources */ = {isa = PBXBuildFile; fileRef = B11070412771BE4300D6EAA7 /* main_menu.json */; };
		B15BA5332779EFAB00F48292 /* Moya in Frameworks */ = {isa = PBXBuildFile; productRef = B15BA5322779EFAB00F48292 /* Moya */; };
		B1F8F3672771C20A005245F3 /* ToDoVC.swift in Sources */ = {isa = PBXBuildFile; fileRef = B1F8F3662771C20A005245F3 /* ToDoVC.swift */; };
		B1F8F369277335F8005245F3 /* ToDoView.swift in Sources */ = {isa = PBXBuildFile; fileRef = B1F8F368277335F8005245F3 /* ToDoView.swift */; };
		B1F8F36B27733D77005245F3 /* ToDoEmptyView.swift in Sources */ = {isa = PBXBuildFile; fileRef = B1F8F36A27733D77005245F3 /* ToDoEmptyView.swift */; };
		B1F8F36D27734704005245F3 /* TodoVC+UITableView.swift in Sources */ = {isa = PBXBuildFile; fileRef = B1F8F36C27734704005245F3 /* TodoVC+UITableView.swift */; };
		B1F8F36F2773487C005245F3 /* ChainedAnimationsQueue.swift in Sources */ = {isa = PBXBuildFile; fileRef = B1F8F36E2773487C005245F3 /* ChainedAnimationsQueue.swift */; };
/* End PBXBuildFile section */

/* Begin PBXFileReference section */
		B110700927704E5B00D6EAA7 /* AnimationKit.app */ = {isa = PBXFileReference; explicitFileType = wrapper.application; includeInIndex = 0; path = AnimationKit.app; sourceTree = BUILT_PRODUCTS_DIR; };
		B110700C27704E5B00D6EAA7 /* AppDelegate.swift */ = {isa = PBXFileReference; lastKnownFileType = sourcecode.swift; path = AppDelegate.swift; sourceTree = "<group>"; };
		B110700E27704E5B00D6EAA7 /* SceneDelegate.swift */ = {isa = PBXFileReference; lastKnownFileType = sourcecode.swift; path = SceneDelegate.swift; sourceTree = "<group>"; };
		B110701027704E5B00D6EAA7 /* MainVC.swift */ = {isa = PBXFileReference; lastKnownFileType = sourcecode.swift; path = MainVC.swift; sourceTree = "<group>"; };
		B110701527704E5F00D6EAA7 /* Assets.xcassets */ = {isa = PBXFileReference; lastKnownFileType = folder.assetcatalog; path = Assets.xcassets; sourceTree = "<group>"; };
		B110701827704E5F00D6EAA7 /* Base */ = {isa = PBXFileReference; lastKnownFileType = file.storyboard; name = Base; path = Base.lproj/LaunchScreen.storyboard; sourceTree = "<group>"; };
		B110701A27704E5F00D6EAA7 /* Info.plist */ = {isa = PBXFileReference; lastKnownFileType = text.plist.xml; path = Info.plist; sourceTree = "<group>"; };
		B1107024277067DB00D6EAA7 /* MenuCell.swift */ = {isa = PBXFileReference; lastKnownFileType = sourcecode.swift; path = MenuCell.swift; sourceTree = "<group>"; };
		B110702627707C6900D6EAA7 /* UICollectionView+Utility.swift */ = {isa = PBXFileReference; lastKnownFileType = sourcecode.swift; path = "UICollectionView+Utility.swift"; sourceTree = "<group>"; };
		B1107028277081F400D6EAA7 /* UIView+Utility.swift */ = {isa = PBXFileReference; lastKnownFileType = sourcecode.swift; path = "UIView+Utility.swift"; sourceTree = "<group>"; };
		B110702E277095FA00D6EAA7 /* PatientPortalViewController.swift */ = {isa = PBXFileReference; fileEncoding = 4; lastKnownFileType = sourcecode.swift; path = PatientPortalViewController.swift; sourceTree = "<group>"; };
		B1107030277095FB00D6EAA7 /* ViewController.swift */ = {isa = PBXFileReference; fileEncoding = 4; lastKnownFileType = sourcecode.swift; path = ViewController.swift; sourceTree = "<group>"; };
		B1107031277095FB00D6EAA7 /* AnimatedTableVC.swift */ = {isa = PBXFileReference; fileEncoding = 4; lastKnownFileType = sourcecode.swift; path = AnimatedTableVC.swift; sourceTree = "<group>"; };
		B110703827709AA600D6EAA7 /* Main.storyboard */ = {isa = PBXFileReference; fileEncoding = 4; lastKnownFileType = file.storyboard; path = Main.storyboard; sourceTree = "<group>"; };
		B110703B2770A52600D6EAA7 /* UITableView+Utility.swift */ = {isa = PBXFileReference; lastKnownFileType = sourcecode.swift; path = "UITableView+Utility.swift"; sourceTree = "<group>"; };
		B110703D2770A7DC00D6EAA7 /* TableViewAnimation.swift */ = {isa = PBXFileReference; lastKnownFileType = sourcecode.swift; path = TableViewAnimation.swift; sourceTree = "<group>"; };
		B110703F2770A96600D6EAA7 /* TableAnimation.swift */ = {isa = PBXFileReference; lastKnownFileType = sourcecode.swift; path = TableAnimation.swift; sourceTree = "<group>"; };
		B11070412771BE4300D6EAA7 /* main_menu.json */ = {isa = PBXFileReference; lastKnownFileType = text.json; path = main_menu.json; sourceTree = "<group>"; };
		B1F8F3662771C20A005245F3 /* ToDoVC.swift */ = {isa = PBXFileReference; lastKnownFileType = sourcecode.swift; path = ToDoVC.swift; sourceTree = "<group>"; };
		B1F8F368277335F8005245F3 /* ToDoView.swift */ = {isa = PBXFileReference; lastKnownFileType = sourcecode.swift; path = ToDoView.swift; sourceTree = "<group>"; };
		B1F8F36A27733D77005245F3 /* ToDoEmptyView.swift */ = {isa = PBXFileReference; lastKnownFileType = sourcecode.swift; path = ToDoEmptyView.swift; sourceTree = "<group>"; };
		B1F8F36C27734704005245F3 /* TodoVC+UITableView.swift */ = {isa = PBXFileReference; lastKnownFileType = sourcecode.swift; path = "TodoVC+UITableView.swift"; sourceTree = "<group>"; };
		B1F8F36E2773487C005245F3 /* ChainedAnimationsQueue.swift */ = {isa = PBXFileReference; lastKnownFileType = sourcecode.swift; path = ChainedAnimationsQueue.swift; sourceTree = "<group>"; };
/* End PBXFileReference section */

/* Begin PBXFrameworksBuildPhase section */
		B110700627704E5B00D6EAA7 /* Frameworks */ = {
			isa = PBXFrameworksBuildPhase;
			buildActionMask = 2147483647;
			files = (
				B15BA5332779EFAB00F48292 /* Moya in Frameworks */,
				B11070222770503900D6EAA7 /* SnapKit in Frameworks */,
			);
			runOnlyForDeploymentPostprocessing = 0;
		};
/* End PBXFrameworksBuildPhase section */

/* Begin PBXGroup section */
		B110700027704E5B00D6EAA7 = {
			isa = PBXGroup;
			children = (
				B110700B27704E5B00D6EAA7 /* AnimationKit */,
				B110700A27704E5B00D6EAA7 /* Products */,
			);
			sourceTree = "<group>";
		};
		B110700A27704E5B00D6EAA7 /* Products */ = {
			isa = PBXGroup;
			children = (
				B110700927704E5B00D6EAA7 /* AnimationKit.app */,
			);
			name = Products;
			sourceTree = "<group>";
		};
		B110700B27704E5B00D6EAA7 /* AnimationKit */ = {
			isa = PBXGroup;
			children = (
				B110700C27704E5B00D6EAA7 /* AppDelegate.swift */,
				B110701A27704E5F00D6EAA7 /* Info.plist */,
				B11070432771C1B700D6EAA7 /* ToDo */,
				B1107037277096A700D6EAA7 /* TableView */,
				B110702A2770955B00D6EAA7 /* Main */,
				B110702C277095CA00D6EAA7 /* Resources */,
				B110700E27704E5B00D6EAA7 /* SceneDelegate.swift */,
				B110702B2770957900D6EAA7 /* Shared */,
			);
			path = AnimationKit;
			sourceTree = "<group>";
		};
		B110702A2770955B00D6EAA7 /* Main */ = {
			isa = PBXGroup;
			children = (
				B110701027704E5B00D6EAA7 /* MainVC.swift */,
				B110703A27709AD500D6EAA7 /* Cell */,
			);
			path = Main;
			sourceTree = "<group>";
		};
		B110702B2770957900D6EAA7 /* Shared */ = {
			isa = PBXGroup;
			children = (
				B110702627707C6900D6EAA7 /* UICollectionView+Utility.swift */,
				B1107028277081F400D6EAA7 /* UIView+Utility.swift */,
				B110703B2770A52600D6EAA7 /* UITableView+Utility.swift */,
				B110703D2770A7DC00D6EAA7 /* TableViewAnimation.swift */,
				B110703F2770A96600D6EAA7 /* TableAnimation.swift */,
				B1F8F36E2773487C005245F3 /* ChainedAnimationsQueue.swift */,
			);
			path = Shared;
			sourceTree = "<group>";
		};
		B110702C277095CA00D6EAA7 /* Resources */ = {
			isa = PBXGroup;
			children = (
				B110703827709AA600D6EAA7 /* Main.storyboard */,
				B110701527704E5F00D6EAA7 /* Assets.xcassets */,
				B110701727704E5F00D6EAA7 /* LaunchScreen.storyboard */,
				B11070412771BE4300D6EAA7 /* main_menu.json */,
			);
			path = Resources;
			sourceTree = "<group>";
		};
		B11070362770969600D6EAA7 /* Header */ = {
			isa = PBXGroup;
			children = (
				B110702E277095FA00D6EAA7 /* PatientPortalViewController.swift */,
				B1107030277095FB00D6EAA7 /* ViewController.swift */,
			);
			path = Header;
			sourceTree = "<group>";
		};
		B1107037277096A700D6EAA7 /* TableView */ = {
			isa = PBXGroup;
			children = (
				B11070362770969600D6EAA7 /* Header */,
				B1107031277095FB00D6EAA7 /* AnimatedTableVC.swift */,
			);
			path = TableView;
			sourceTree = "<group>";
		};
		B110703A27709AD500D6EAA7 /* Cell */ = {
			isa = PBXGroup;
			children = (
				B1107024277067DB00D6EAA7 /* MenuCell.swift */,
			);
			path = Cell;
			sourceTree = "<group>";
		};
		B11070432771C1B700D6EAA7 /* ToDo */ = {
			isa = PBXGroup;
			children = (
				B1F8F3662771C20A005245F3 /* ToDoVC.swift */,
				B1F8F368277335F8005245F3 /* ToDoView.swift */,
				B1F8F36A27733D77005245F3 /* ToDoEmptyView.swift */,
				B1F8F36C27734704005245F3 /* TodoVC+UITableView.swift */,
			);
			path = ToDo;
			sourceTree = "<group>";
		};
/* End PBXGroup section */

/* Begin PBXNativeTarget section */
		B110700827704E5B00D6EAA7 /* AnimationKit */ = {
			isa = PBXNativeTarget;
			buildConfigurationList = B110701D27704E5F00D6EAA7 /* Build configuration list for PBXNativeTarget "AnimationKit" */;
			buildPhases = (
				B110700527704E5B00D6EAA7 /* Sources */,
				B110700627704E5B00D6EAA7 /* Frameworks */,
				B110700727704E5B00D6EAA7 /* Resources */,
			);
			buildRules = (
			);
			dependencies = (
			);
			name = AnimationKit;
			packageProductDependencies = (
				B11070212770503900D6EAA7 /* SnapKit */,
				B15BA5322779EFAB00F48292 /* Moya */,
			);
			productName = AnimationKit;
			productReference = B110700927704E5B00D6EAA7 /* AnimationKit.app */;
			productType = "com.apple.product-type.application";
		};
/* End PBXNativeTarget section */

/* Begin PBXProject section */
		B110700127704E5B00D6EAA7 /* Project object */ = {
			isa = PBXProject;
			attributes = {
				BuildIndependentTargetsInParallel = 1;
				LastSwiftUpdateCheck = 1310;
				LastUpgradeCheck = 1310;
				TargetAttributes = {
					B110700827704E5B00D6EAA7 = {
						CreatedOnToolsVersion = 13.1;
					};
				};
			};
			buildConfigurationList = B110700427704E5B00D6EAA7 /* Build configuration list for PBXProject "AnimationKit" */;
			compatibilityVersion = "Xcode 13.0";
			developmentRegion = en;
			hasScannedForEncodings = 0;
			knownRegions = (
				en,
				Base,
			);
			mainGroup = B110700027704E5B00D6EAA7;
			packageReferences = (
				B11070202770503900D6EAA7 /* XCRemoteSwiftPackageReference "SnapKit" */,
				B15BA5312779EFAB00F48292 /* XCRemoteSwiftPackageReference "Moya" */,
			);
			productRefGroup = B110700A27704E5B00D6EAA7 /* Products */;
			projectDirPath = "";
			projectRoot = "";
			targets = (
				B110700827704E5B00D6EAA7 /* AnimationKit */,
			);
		};
/* End PBXProject section */

/* Begin PBXResourcesBuildPhase section */
		B110700727704E5B00D6EAA7 /* Resources */ = {
			isa = PBXResourcesBuildPhase;
			buildActionMask = 2147483647;
			files = (
				B110703927709AA600D6EAA7 /* Main.storyboard in Resources */,
				B110701927704E5F00D6EAA7 /* LaunchScreen.storyboard in Resources */,
				B110701627704E5F00D6EAA7 /* Assets.xcassets in Resources */,
				B11070422771BE4300D6EAA7 /* main_menu.json in Resources */,
			);
			runOnlyForDeploymentPostprocessing = 0;
		};
/* End PBXResourcesBuildPhase section */

/* Begin PBXSourcesBuildPhase section */
		B110700527704E5B00D6EAA7 /* Sources */ = {
			isa = PBXSourcesBuildPhase;
			buildActionMask = 2147483647;
			files = (
				B110701127704E5B00D6EAA7 /* MainVC.swift in Sources */,
				B1F8F36F2773487C005245F3 /* ChainedAnimationsQueue.swift in Sources */,
				B110700D27704E5B00D6EAA7 /* AppDelegate.swift in Sources */,
				B1F8F36D27734704005245F3 /* TodoVC+UITableView.swift in Sources */,
				B110703E2770A7DC00D6EAA7 /* TableViewAnimation.swift in Sources */,
				B1107025277067DB00D6EAA7 /* MenuCell.swift in Sources */,
				B1F8F3672771C20A005245F3 /* ToDoVC.swift in Sources */,
				B1107035277095FB00D6EAA7 /* AnimatedTableVC.swift in Sources */,
				B1107034277095FB00D6EAA7 /* ViewController.swift in Sources */,
				B110703C2770A52600D6EAA7 /* UITableView+Utility.swift in Sources */,
				B11070402770A96600D6EAA7 /* TableAnimation.swift in Sources */,
				B110702727707C6900D6EAA7 /* UICollectionView+Utility.swift in Sources */,
				B110700F27704E5B00D6EAA7 /* SceneDelegate.swift in Sources */,
				B1107032277095FB00D6EAA7 /* PatientPortalViewController.swift in Sources */,
				B1F8F369277335F8005245F3 /* ToDoView.swift in Sources */,
				B1F8F36B27733D77005245F3 /* ToDoEmptyView.swift in Sources */,
				B1107029277081F400D6EAA7 /* UIView+Utility.swift in Sources */,
			);
			runOnlyForDeploymentPostprocessing = 0;
		};
/* End PBXSourcesBuildPhase section */

/* Begin PBXVariantGroup section */
		B110701727704E5F00D6EAA7 /* LaunchScreen.storyboard */ = {
			isa = PBXVariantGroup;
			children = (
				B110701827704E5F00D6EAA7 /* Base */,
			);
			name = LaunchScreen.storyboard;
			sourceTree = "<group>";
		};
/* End PBXVariantGroup section */

/* Begin XCBuildConfiguration section */
		B110701B27704E5F00D6EAA7 /* Debug */ = {
			isa = XCBuildConfiguration;
			buildSettings = {
				ALWAYS_SEARCH_USER_PATHS = NO;
				CLANG_ANALYZER_NONNULL = YES;
				CLANG_ANALYZER_NUMBER_OBJECT_CONVERSION = YES_AGGRESSIVE;
				CLANG_CXX_LANGUAGE_STANDARD = "gnu++17";
				CLANG_CXX_LIBRARY = "libc++";
				CLANG_ENABLE_MODULES = YES;
				CLANG_ENABLE_OBJC_ARC = YES;
				CLANG_ENABLE_OBJC_WEAK = YES;
				CLANG_WARN_BLOCK_CAPTURE_AUTORELEASING = YES;
				CLANG_WARN_BOOL_CONVERSION = YES;
				CLANG_WARN_COMMA = YES;
				CLANG_WARN_CONSTANT_CONVERSION = YES;
				CLANG_WARN_DEPRECATED_OBJC_IMPLEMENTATIONS = YES;
				CLANG_WARN_DIRECT_OBJC_ISA_USAGE = YES_ERROR;
				CLANG_WARN_DOCUMENTATION_COMMENTS = YES;
				CLANG_WARN_EMPTY_BODY = YES;
				CLANG_WARN_ENUM_CONVERSION = YES;
				CLANG_WARN_INFINITE_RECURSION = YES;
				CLANG_WARN_INT_CONVERSION = YES;
				CLANG_WARN_NON_LITERAL_NULL_CONVERSION = YES;
				CLANG_WARN_OBJC_IMPLICIT_RETAIN_SELF = YES;
				CLANG_WARN_OBJC_LITERAL_CONVERSION = YES;
				CLANG_WARN_OBJC_ROOT_CLASS = YES_ERROR;
				CLANG_WARN_QUOTED_INCLUDE_IN_FRAMEWORK_HEADER = YES;
				CLANG_WARN_RANGE_LOOP_ANALYSIS = YES;
				CLANG_WARN_STRICT_PROTOTYPES = YES;
				CLANG_WARN_SUSPICIOUS_MOVE = YES;
				CLANG_WARN_UNGUARDED_AVAILABILITY = YES_AGGRESSIVE;
				CLANG_WARN_UNREACHABLE_CODE = YES;
				CLANG_WARN__DUPLICATE_METHOD_MATCH = YES;
				COPY_PHASE_STRIP = NO;
				DEBUG_INFORMATION_FORMAT = dwarf;
				ENABLE_BITCODE = NO;
				ENABLE_STRICT_OBJC_MSGSEND = YES;
				ENABLE_TESTABILITY = YES;
				GCC_C_LANGUAGE_STANDARD = gnu11;
				GCC_DYNAMIC_NO_PIC = NO;
				GCC_NO_COMMON_BLOCKS = YES;
				GCC_OPTIMIZATION_LEVEL = 0;
				GCC_PREPROCESSOR_DEFINITIONS = (
					"DEBUG=1",
					"$(inherited)",
				);
				GCC_WARN_64_TO_32_BIT_CONVERSION = YES;
				GCC_WARN_ABOUT_RETURN_TYPE = YES_ERROR;
				GCC_WARN_UNDECLARED_SELECTOR = YES;
				GCC_WARN_UNINITIALIZED_AUTOS = YES_AGGRESSIVE;
				GCC_WARN_UNUSED_FUNCTION = YES;
				GCC_WARN_UNUSED_VARIABLE = YES;
				IPHONEOS_DEPLOYMENT_TARGET = 15.0;
				MTL_ENABLE_DEBUG_INFO = INCLUDE_SOURCE;
				MTL_FAST_MATH = YES;
				ONLY_ACTIVE_ARCH = YES;
				OTHER_LDFLAGS = (
					"-Xlinker",
					"-interposable",
					"-Xlinker",
					"-undefined",
					"-Xlinker",
					dynamic_lookup,
				);
				SDKROOT = iphoneos;
				SWIFT_ACTIVE_COMPILATION_CONDITIONS = DEBUG;
				SWIFT_OPTIMIZATION_LEVEL = "-Onone";
			};
			name = Debug;
		};
		B110701C27704E5F00D6EAA7 /* Release */ = {
			isa = XCBuildConfiguration;
			buildSettings = {
				ALWAYS_SEARCH_USER_PATHS = NO;
				CLANG_ANALYZER_NONNULL = YES;
				CLANG_ANALYZER_NUMBER_OBJECT_CONVERSION = YES_AGGRESSIVE;
				CLANG_CXX_LANGUAGE_STANDARD = "gnu++17";
				CLANG_CXX_LIBRARY = "libc++";
				CLANG_ENABLE_MODULES = YES;
				CLANG_ENABLE_OBJC_ARC = YES;
				CLANG_ENABLE_OBJC_WEAK = YES;
				CLANG_WARN_BLOCK_CAPTURE_AUTORELEASING = YES;
				CLANG_WARN_BOOL_CONVERSION = YES;
				CLANG_WARN_COMMA = YES;
				CLANG_WARN_CONSTANT_CONVERSION = YES;
				CLANG_WARN_DEPRECATED_OBJC_IMPLEMENTATIONS = YES;
				CLANG_WARN_DIRECT_OBJC_ISA_USAGE = YES_ERROR;
				CLANG_WARN_DOCUMENTATION_COMMENTS = YES;
				CLANG_WARN_EMPTY_BODY = YES;
				CLANG_WARN_ENUM_CONVERSION = YES;
				CLANG_WARN_INFINITE_RECURSION = YES;
				CLANG_WARN_INT_CONVERSION = YES;
				CLANG_WARN_NON_LITERAL_NULL_CONVERSION = YES;
				CLANG_WARN_OBJC_IMPLICIT_RETAIN_SELF = YES;
				CLANG_WARN_OBJC_LITERAL_CONVERSION = YES;
				CLANG_WARN_OBJC_ROOT_CLASS = YES_ERROR;
				CLANG_WARN_QUOTED_INCLUDE_IN_FRAMEWORK_HEADER = YES;
				CLANG_WARN_RANGE_LOOP_ANALYSIS = YES;
				CLANG_WARN_STRICT_PROTOTYPES = YES;
				CLANG_WARN_SUSPICIOUS_MOVE = YES;
				CLANG_WARN_UNGUARDED_AVAILABILITY = YES_AGGRESSIVE;
				CLANG_WARN_UNREACHABLE_CODE = YES;
				CLANG_WARN__DUPLICATE_METHOD_MATCH = YES;
				COPY_PHASE_STRIP = NO;
				DEBUG_INFORMATION_FORMAT = "dwarf-with-dsym";
				ENABLE_NS_ASSERTIONS = NO;
				ENABLE_STRICT_OBJC_MSGSEND = YES;
				GCC_C_LANGUAGE_STANDARD = gnu11;
				GCC_NO_COMMON_BLOCKS = YES;
				GCC_WARN_64_TO_32_BIT_CONVERSION = YES;
				GCC_WARN_ABOUT_RETURN_TYPE = YES_ERROR;
				GCC_WARN_UNDECLARED_SELECTOR = YES;
				GCC_WARN_UNINITIALIZED_AUTOS = YES_AGGRESSIVE;
				GCC_WARN_UNUSED_FUNCTION = YES;
				GCC_WARN_UNUSED_VARIABLE = YES;
				IPHONEOS_DEPLOYMENT_TARGET = 15.0;
				MTL_ENABLE_DEBUG_INFO = NO;
				MTL_FAST_MATH = YES;
				SDKROOT = iphoneos;
				SWIFT_COMPILATION_MODE = wholemodule;
				SWIFT_OPTIMIZATION_LEVEL = "-O";
				VALIDATE_PRODUCT = YES;
			};
			name = Release;
		};
		B110701E27704E5F00D6EAA7 /* Debug */ = {
			isa = XCBuildConfiguration;
			buildSettings = {
				ASSETCATALOG_COMPILER_APPICON_NAME = AppIcon;
				ASSETCATALOG_COMPILER_GLOBAL_ACCENT_COLOR_NAME = AccentColor;
				CODE_SIGN_STYLE = Automatic;
				CURRENT_PROJECT_VERSION = 1;
				DEVELOPMENT_TEAM = WJ47UB4V33;
				ENABLE_BITCODE = NO;
				GENERATE_INFOPLIST_FILE = YES;
				INFOPLIST_FILE = AnimationKit/Info.plist;
				INFOPLIST_KEY_UIApplicationSupportsIndirectInputEvents = YES;
				INFOPLIST_KEY_UILaunchStoryboardName = LaunchScreen;
				INFOPLIST_KEY_UISupportedInterfaceOrientations_iPad = "UIInterfaceOrientationPortrait UIInterfaceOrientationPortraitUpsideDown UIInterfaceOrientationLandscapeLeft UIInterfaceOrientationLandscapeRight";
				INFOPLIST_KEY_UISupportedInterfaceOrientations_iPhone = "UIInterfaceOrientationPortrait UIInterfaceOrientationLandscapeLeft UIInterfaceOrientationLandscapeRight";
				LD_RUNPATH_SEARCH_PATHS = (
					"$(inherited)",
					"@executable_path/Frameworks",
				);
				MARKETING_VERSION = 1.0;
				OTHER_LDFLAGS = (
					"-Xlinker",
					"-interposable",
					"-Xlinker",
					"-undefined",
					"-Xlinker",
					dynamic_lookup,
				);
				PRODUCT_BUNDLE_IDENTIFIER = faro.animation.kit;
				PRODUCT_NAME = "$(TARGET_NAME)";
				SWIFT_EMIT_LOC_STRINGS = YES;
				SWIFT_VERSION = 5.0;
				TARGETED_DEVICE_FAMILY = 1;
			};
			name = Debug;
		};
		B110701F27704E5F00D6EAA7 /* Release */ = {
			isa = XCBuildConfiguration;
			buildSettings = {
				ASSETCATALOG_COMPILER_APPICON_NAME = AppIcon;
				ASSETCATALOG_COMPILER_GLOBAL_ACCENT_COLOR_NAME = AccentColor;
				CODE_SIGN_STYLE = Automatic;
				CURRENT_PROJECT_VERSION = 1;
				DEVELOPMENT_TEAM = WJ47UB4V33;
				GENERATE_INFOPLIST_FILE = YES;
				INFOPLIST_FILE = AnimationKit/Info.plist;
				INFOPLIST_KEY_UIApplicationSupportsIndirectInputEvents = YES;
				INFOPLIST_KEY_UILaunchStoryboardName = LaunchScreen;
				INFOPLIST_KEY_UISupportedInterfaceOrientations_iPad = "UIInterfaceOrientationPortrait UIInterfaceOrientationPortraitUpsideDown UIInterfaceOrientationLandscapeLeft UIInterfaceOrientationLandscapeRight";
				INFOPLIST_KEY_UISupportedInterfaceOrientations_iPhone = "UIInterfaceOrientationPortrait UIInterfaceOrientationLandscapeLeft UIInterfaceOrientationLandscapeRight";
				LD_RUNPATH_SEARCH_PATHS = (
					"$(inherited)",
					"@executable_path/Frameworks",
				);
				MARKETING_VERSION = 1.0;
				PRODUCT_BUNDLE_IDENTIFIER = faro.animation.kit;
				PRODUCT_NAME = "$(TARGET_NAME)";
				SWIFT_EMIT_LOC_STRINGS = YES;
				SWIFT_VERSION = 5.0;
				TARGETED_DEVICE_FAMILY = 1;
			};
			name = Release;
		};
/* End XCBuildConfiguration section */

/* Begin XCConfigurationList section */
		B110700427704E5B00D6EAA7 /* Build configuration list for PBXProject "AnimationKit" */ = {
			isa = XCConfigurationList;
			buildConfigurations = (
				B110701B27704E5F00D6EAA7 /* Debug */,
				B110701C27704E5F00D6EAA7 /* Release */,
			);
			defaultConfigurationIsVisible = 0;
			defaultConfigurationName = Release;
		};
		B110701D27704E5F00D6EAA7 /* Build configuration list for PBXNativeTarget "AnimationKit" */ = {
			isa = XCConfigurationList;
			buildConfigurations = (
				B110701E27704E5F00D6EAA7 /* Debug */,
				B110701F27704E5F00D6EAA7 /* Release */,
			);
			defaultConfigurationIsVisible = 0;
			defaultConfigurationName = Release;
		};
/* End XCConfigurationList section */

/* Begin XCRemoteSwiftPackageReference section */
		B11070202770503900D6EAA7 /* XCRemoteSwiftPackageReference "SnapKit" */ = {
			isa = XCRemoteSwiftPackageReference;
			repositoryURL = "https://github.com/SnapKit/SnapKit.git";
			requirement = {
				kind = upToNextMajorVersion;
				minimumVersion = 5.0.0;
			};
		};
		B15BA5312779EFAB00F48292 /* XCRemoteSwiftPackageReference "Moya" */ = {
			isa = XCRemoteSwiftPackageReference;
			repositoryURL = "https://github.com/Moya/Moya.git";
			requirement = {
				kind = upToNextMajorVersion;
				minimumVersion = 15.0.0;
			};
		};
/* End XCRemoteSwiftPackageReference section */

/* Begin XCSwiftPackageProductDependency section */
		B11070212770503900D6EAA7 /* SnapKit */ = {
			isa = XCSwiftPackageProductDependency;
			package = B11070202770503900D6EAA7 /* XCRemoteSwiftPackageReference "SnapKit" */;
			productName = SnapKit;
		};
		B15BA5322779EFAB00F48292 /* Moya */ = {
			isa = XCSwiftPackageProductDependency;
			package = B15BA5312779EFAB00F48292 /* XCRemoteSwiftPackageReference "Moya" */;
			productName = Moya;
		};
/* End XCSwiftPackageProductDependency section */
	};
	rootObject = B110700127704E5B00D6EAA7 /* Project object */;
}
